// !$*UTF8*$!
{
	archiveVersion = 1;
	classes = {
	};
	objectVersion = 55;
	objects = {

/* Begin PBXBuildFile section */
		4DE751E5D5AC097DA2F6304E /* Pods_Quiz_App.framework in Frameworks */ = {isa = PBXBuildFile; fileRef = 4CAB01ABFFDBA27AACF76073 /* Pods_Quiz_App.framework */; };
		F430ED3928538B79004A8241 /* Quiz_AppApp.swift in Sources */ = {isa = PBXBuildFile; fileRef = F430ED3828538B79004A8241 /* Quiz_AppApp.swift */; };
		F430ED3B28538B79004A8241 /* ContentView.swift in Sources */ = {isa = PBXBuildFile; fileRef = F430ED3A28538B79004A8241 /* ContentView.swift */; };
		F430ED3D28538B7C004A8241 /* Assets.xcassets in Resources */ = {isa = PBXBuildFile; fileRef = F430ED3C28538B7C004A8241 /* Assets.xcassets */; };
		F430ED4028538B7C004A8241 /* Preview Assets.xcassets in Resources */ = {isa = PBXBuildFile; fileRef = F430ED3F28538B7C004A8241 /* Preview Assets.xcassets */; };
		F430ED4828538BDA004A8241 /* QuizConfig.swift in Sources */ = {isa = PBXBuildFile; fileRef = F430ED4728538BDA004A8241 /* QuizConfig.swift */; };
		F430ED4B28539151004A8241 /* DataModal.swift in Sources */ = {isa = PBXBuildFile; fileRef = F430ED4A28539151004A8241 /* DataModal.swift */; };
		F462138828574C2900E1BEAF /* GlobalState.swift in Sources */ = {isa = PBXBuildFile; fileRef = F462138728574C2900E1BEAF /* GlobalState.swift */; };
		F462138B28574CC000E1BEAF /* LoadingIndicator.swift in Sources */ = {isa = PBXBuildFile; fileRef = F462138A28574CC000E1BEAF /* LoadingIndicator.swift */; };
		F462138F28574F7600E1BEAF /* WelcomeScreen.swift in Sources */ = {isa = PBXBuildFile; fileRef = F462138E28574F7600E1BEAF /* WelcomeScreen.swift */; };
		F4A2C54028545C9600C404AE /* UIHelper.swift in Sources */ = {isa = PBXBuildFile; fileRef = F4A2C53F28545C9600C404AE /* UIHelper.swift */; };
		F4A2C54228545D0800C404AE /* QuziScreen.swift in Sources */ = {isa = PBXBuildFile; fileRef = F4A2C54128545D0800C404AE /* QuziScreen.swift */; };
		F4A2C54828546D6E00C404AE /* CodableBundleExtension.swift in Sources */ = {isa = PBXBuildFile; fileRef = F4A2C54728546D6E00C404AE /* CodableBundleExtension.swift */; };
		F4A2C54B28546DA700C404AE /* data.json in Resources */ = {isa = PBXBuildFile; fileRef = F4A2C54A28546DA700C404AE /* data.json */; };
		F4D2958E2854B6EF002F4219 /* TriviaCategories.swift in Sources */ = {isa = PBXBuildFile; fileRef = F4D2958C2854B6EF002F4219 /* TriviaCategories.swift */; };
		F4D2958F2854B6EF002F4219 /* CateGoryBase.swift in Sources */ = {isa = PBXBuildFile; fileRef = F4D2958D2854B6EF002F4219 /* CateGoryBase.swift */; };
		F4D295932854C063002F4219 /* Results.swift in Sources */ = {isa = PBXBuildFile; fileRef = F4D295912854C062002F4219 /* Results.swift */; };
		F4D295942854C063002F4219 /* Questions.swift in Sources */ = {isa = PBXBuildFile; fileRef = F4D295922854C062002F4219 /* Questions.swift */; };
/* End PBXBuildFile section */

/* Begin PBXFileReference section */
		4CAB01ABFFDBA27AACF76073 /* Pods_Quiz_App.framework */ = {isa = PBXFileReference; explicitFileType = wrapper.framework; includeInIndex = 0; path = Pods_Quiz_App.framework; sourceTree = BUILT_PRODUCTS_DIR; };
		93DEE7F029515ADA69432963 /* Pods-Quiz App.debug.xcconfig */ = {isa = PBXFileReference; includeInIndex = 1; lastKnownFileType = text.xcconfig; name = "Pods-Quiz App.debug.xcconfig"; path = "Target Support Files/Pods-Quiz App/Pods-Quiz App.debug.xcconfig"; sourceTree = "<group>"; };
		C4258FEC2FE8711A2129016C /* Pods-Quiz App.release.xcconfig */ = {isa = PBXFileReference; includeInIndex = 1; lastKnownFileType = text.xcconfig; name = "Pods-Quiz App.release.xcconfig"; path = "Target Support Files/Pods-Quiz App/Pods-Quiz App.release.xcconfig"; sourceTree = "<group>"; };
		F430ED3528538B79004A8241 /* Quiz App.app */ = {isa = PBXFileReference; explicitFileType = wrapper.application; includeInIndex = 0; path = "Quiz App.app"; sourceTree = BUILT_PRODUCTS_DIR; };
		F430ED3828538B79004A8241 /* Quiz_AppApp.swift */ = {isa = PBXFileReference; lastKnownFileType = sourcecode.swift; path = Quiz_AppApp.swift; sourceTree = "<group>"; };
		F430ED3A28538B79004A8241 /* ContentView.swift */ = {isa = PBXFileReference; lastKnownFileType = sourcecode.swift; path = ContentView.swift; sourceTree = "<group>"; };
		F430ED3C28538B7C004A8241 /* Assets.xcassets */ = {isa = PBXFileReference; lastKnownFileType = folder.assetcatalog; path = Assets.xcassets; sourceTree = "<group>"; };
		F430ED3F28538B7C004A8241 /* Preview Assets.xcassets */ = {isa = PBXFileReference; lastKnownFileType = folder.assetcatalog; path = "Preview Assets.xcassets"; sourceTree = "<group>"; };
		F430ED4728538BDA004A8241 /* QuizConfig.swift */ = {isa = PBXFileReference; lastKnownFileType = sourcecode.swift; path = QuizConfig.swift; sourceTree = "<group>"; };
		F430ED4A28539151004A8241 /* DataModal.swift */ = {isa = PBXFileReference; lastKnownFileType = sourcecode.swift; path = DataModal.swift; sourceTree = "<group>"; };
		F462138728574C2900E1BEAF /* GlobalState.swift */ = {isa = PBXFileReference; lastKnownFileType = sourcecode.swift; path = GlobalState.swift; sourceTree = "<group>"; };
		F462138A28574CC000E1BEAF /* LoadingIndicator.swift */ = {isa = PBXFileReference; lastKnownFileType = sourcecode.swift; path = LoadingIndicator.swift; sourceTree = "<group>"; };
		F462138E28574F7600E1BEAF /* WelcomeScreen.swift */ = {isa = PBXFileReference; lastKnownFileType = sourcecode.swift; path = WelcomeScreen.swift; sourceTree = "<group>"; };
		F4A2C53F28545C9600C404AE /* UIHelper.swift */ = {isa = PBXFileReference; lastKnownFileType = sourcecode.swift; path = UIHelper.swift; sourceTree = "<group>"; };
		F4A2C54128545D0800C404AE /* QuziScreen.swift */ = {isa = PBXFileReference; lastKnownFileType = sourcecode.swift; path = QuziScreen.swift; sourceTree = "<group>"; };
		F4A2C54728546D6E00C404AE /* CodableBundleExtension.swift */ = {isa = PBXFileReference; lastKnownFileType = sourcecode.swift; path = CodableBundleExtension.swift; sourceTree = "<group>"; };
		F4A2C54A28546DA700C404AE /* data.json */ = {isa = PBXFileReference; fileEncoding = 4; lastKnownFileType = text.json; path = data.json; sourceTree = "<group>"; };
		F4D2958C2854B6EF002F4219 /* TriviaCategories.swift */ = {isa = PBXFileReference; fileEncoding = 4; lastKnownFileType = sourcecode.swift; path = TriviaCategories.swift; sourceTree = "<group>"; };
		F4D2958D2854B6EF002F4219 /* CateGoryBase.swift */ = {isa = PBXFileReference; fileEncoding = 4; lastKnownFileType = sourcecode.swift; path = CateGoryBase.swift; sourceTree = "<group>"; };
		F4D295912854C062002F4219 /* Results.swift */ = {isa = PBXFileReference; fileEncoding = 4; lastKnownFileType = sourcecode.swift; path = Results.swift; sourceTree = "<group>"; };
		F4D295922854C062002F4219 /* Questions.swift */ = {isa = PBXFileReference; fileEncoding = 4; lastKnownFileType = sourcecode.swift; path = Questions.swift; sourceTree = "<group>"; };
/* End PBXFileReference section */

/* Begin PBXFrameworksBuildPhase section */
		F430ED3228538B79004A8241 /* Frameworks */ = {
			isa = PBXFrameworksBuildPhase;
			buildActionMask = 2147483647;
			files = (
				4DE751E5D5AC097DA2F6304E /* Pods_Quiz_App.framework in Frameworks */,
			);
			runOnlyForDeploymentPostprocessing = 0;
		};
/* End PBXFrameworksBuildPhase section */

/* Begin PBXGroup section */
		3F87CAA353107A67DB129715 /* Pods */ = {
			isa = PBXGroup;
			children = (
				93DEE7F029515ADA69432963 /* Pods-Quiz App.debug.xcconfig */,
				C4258FEC2FE8711A2129016C /* Pods-Quiz App.release.xcconfig */,
			);
			path = Pods;
			sourceTree = "<group>";
		};
		A8D615126285F8D59B332681 /* Frameworks */ = {
			isa = PBXGroup;
			children = (
				4CAB01ABFFDBA27AACF76073 /* Pods_Quiz_App.framework */,
			);
			name = Frameworks;
			sourceTree = "<group>";
		};
		F430ED2C28538B79004A8241 = {
			isa = PBXGroup;
			children = (
				F430ED3728538B79004A8241 /* Quiz App */,
				F430ED3628538B79004A8241 /* Products */,
				3F87CAA353107A67DB129715 /* Pods */,
				A8D615126285F8D59B332681 /* Frameworks */,
			);
			sourceTree = "<group>";
		};
		F430ED3628538B79004A8241 /* Products */ = {
			isa = PBXGroup;
			children = (
				F430ED3528538B79004A8241 /* Quiz App.app */,
			);
			name = Products;
			sourceTree = "<group>";
		};
		F430ED3728538B79004A8241 /* Quiz App */ = {
			isa = PBXGroup;
			children = (
				F462138928574CB600E1BEAF /* View */,
				F462138628574C1800E1BEAF /* GlobalState */,
				F4A2C54928546D8300C404AE /* Data */,
				F4A2C53E28545C6C00C404AE /* UIHelper */,
				F430ED4928539141004A8241 /* Modal */,
				F430ED4628538BC5004A8241 /* screen */,
				F430ED3828538B79004A8241 /* Quiz_AppApp.swift */,
				F430ED3A28538B79004A8241 /* ContentView.swift */,
				F430ED3C28538B7C004A8241 /* Assets.xcassets */,
				F430ED3E28538B7C004A8241 /* Preview Content */,
			);
			path = "Quiz App";
			sourceTree = "<group>";
		};
		F430ED3E28538B7C004A8241 /* Preview Content */ = {
			isa = PBXGroup;
			children = (
				F430ED3F28538B7C004A8241 /* Preview Assets.xcassets */,
			);
			path = "Preview Content";
			sourceTree = "<group>";
		};
		F430ED4628538BC5004A8241 /* screen */ = {
			isa = PBXGroup;
			children = (
				F430ED4728538BDA004A8241 /* QuizConfig.swift */,
				F4A2C54128545D0800C404AE /* QuziScreen.swift */,
				F462138E28574F7600E1BEAF /* WelcomeScreen.swift */,
			);
			path = screen;
			sourceTree = "<group>";
		};
		F430ED4928539141004A8241 /* Modal */ = {
			isa = PBXGroup;
			children = (
				F4D295902854C037002F4219 /* Questions */,
				F4D295872854B6D4002F4219 /* Category */,
				F430ED4A28539151004A8241 /* DataModal.swift */,
			);
			path = Modal;
			sourceTree = "<group>";
		};
		F462138628574C1800E1BEAF /* GlobalState */ = {
			isa = PBXGroup;
			children = (
				F462138728574C2900E1BEAF /* GlobalState.swift */,
			);
			path = GlobalState;
			sourceTree = "<group>";
		};
		F462138928574CB600E1BEAF /* View */ = {
			isa = PBXGroup;
			children = (
				F462138A28574CC000E1BEAF /* LoadingIndicator.swift */,
			);
			path = View;
			sourceTree = "<group>";
		};
		F4A2C53E28545C6C00C404AE /* UIHelper */ = {
			isa = PBXGroup;
			children = (
				F4A2C53F28545C9600C404AE /* UIHelper.swift */,
				F4A2C54728546D6E00C404AE /* CodableBundleExtension.swift */,
			);
			path = UIHelper;
			sourceTree = "<group>";
		};
		F4A2C54928546D8300C404AE /* Data */ = {
			isa = PBXGroup;
			children = (
				F4A2C54A28546DA700C404AE /* data.json */,
			);
			path = Data;
			sourceTree = "<group>";
		};
		F4D295872854B6D4002F4219 /* Category */ = {
			isa = PBXGroup;
			children = (
				F4D2958D2854B6EF002F4219 /* CateGoryBase.swift */,
				F4D2958C2854B6EF002F4219 /* TriviaCategories.swift */,
			);
			path = Category;
			sourceTree = "<group>";
		};
		F4D295902854C037002F4219 /* Questions */ = {
			isa = PBXGroup;
			children = (
				F4D295922854C062002F4219 /* Questions.swift */,
				F4D295912854C062002F4219 /* Results.swift */,
			);
			path = Questions;
			sourceTree = "<group>";
		};
/* End PBXGroup section */

/* Begin PBXNativeTarget section */
		F430ED3428538B79004A8241 /* Quiz App */ = {
			isa = PBXNativeTarget;
			buildConfigurationList = F430ED4328538B7C004A8241 /* Build configuration list for PBXNativeTarget "Quiz App" */;
			buildPhases = (
				F05DCE939FF72D9AE6BAD9CC /* [CP] Check Pods Manifest.lock */,
				F430ED3128538B79004A8241 /* Sources */,
				F430ED3228538B79004A8241 /* Frameworks */,
				F430ED3328538B79004A8241 /* Resources */,
				C4409D68019E0C1EF64364FB /* [CP] Embed Pods Frameworks */,
			);
			buildRules = (
			);
			dependencies = (
			);
			name = "Quiz App";
			productName = "Quiz App";
			productReference = F430ED3528538B79004A8241 /* Quiz App.app */;
			productType = "com.apple.product-type.application";
		};
/* End PBXNativeTarget section */

/* Begin PBXProject section */
		F430ED2D28538B79004A8241 /* Project object */ = {
			isa = PBXProject;
			attributes = {
				BuildIndependentTargetsInParallel = 1;
				LastSwiftUpdateCheck = 1340;
				LastUpgradeCheck = 1340;
				TargetAttributes = {
					F430ED3428538B79004A8241 = {
						CreatedOnToolsVersion = 13.4;
					};
				};
			};
			buildConfigurationList = F430ED3028538B79004A8241 /* Build configuration list for PBXProject "Quiz App" */;
			compatibilityVersion = "Xcode 13.0";
			developmentRegion = en;
			hasScannedForEncodings = 0;
			knownRegions = (
				en,
				Base,
			);
			mainGroup = F430ED2C28538B79004A8241;
			productRefGroup = F430ED3628538B79004A8241 /* Products */;
			projectDirPath = "";
			projectRoot = "";
			targets = (
				F430ED3428538B79004A8241 /* Quiz App */,
			);
		};
/* End PBXProject section */

/* Begin PBXResourcesBuildPhase section */
		F430ED3328538B79004A8241 /* Resources */ = {
			isa = PBXResourcesBuildPhase;
			buildActionMask = 2147483647;
			files = (
				F4A2C54B28546DA700C404AE /* data.json in Resources */,
				F430ED4028538B7C004A8241 /* Preview Assets.xcassets in Resources */,
				F430ED3D28538B7C004A8241 /* Assets.xcassets in Resources */,
			);
			runOnlyForDeploymentPostprocessing = 0;
		};
/* End PBXResourcesBuildPhase section */

/* Begin PBXShellScriptBuildPhase section */
		C4409D68019E0C1EF64364FB /* [CP] Embed Pods Frameworks */ = {
			isa = PBXShellScriptBuildPhase;
			buildActionMask = 2147483647;
			files = (
			);
			inputFileListPaths = (
				"${PODS_ROOT}/Target Support Files/Pods-Quiz App/Pods-Quiz App-frameworks-${CONFIGURATION}-input-files.xcfilelist",
			);
			name = "[CP] Embed Pods Frameworks";
			outputFileListPaths = (
				"${PODS_ROOT}/Target Support Files/Pods-Quiz App/Pods-Quiz App-frameworks-${CONFIGURATION}-output-files.xcfilelist",
			);
			runOnlyForDeploymentPostprocessing = 0;
			shellPath = /bin/sh;
			shellScript = "\"${PODS_ROOT}/Target Support Files/Pods-Quiz App/Pods-Quiz App-frameworks.sh\"\n";
			showEnvVarsInLog = 0;
		};
		F05DCE939FF72D9AE6BAD9CC /* [CP] Check Pods Manifest.lock */ = {
			isa = PBXShellScriptBuildPhase;
			buildActionMask = 2147483647;
			files = (
			);
			inputFileListPaths = (
			);
			inputPaths = (
				"${PODS_PODFILE_DIR_PATH}/Podfile.lock",
				"${PODS_ROOT}/Manifest.lock",
			);
			name = "[CP] Check Pods Manifest.lock";
			outputFileListPaths = (
			);
			outputPaths = (
				"$(DERIVED_FILE_DIR)/Pods-Quiz App-checkManifestLockResult.txt",
			);
			runOnlyForDeploymentPostprocessing = 0;
			shellPath = /bin/sh;
			shellScript = "diff \"${PODS_PODFILE_DIR_PATH}/Podfile.lock\" \"${PODS_ROOT}/Manifest.lock\" > /dev/null\nif [ $? != 0 ] ; then\n    # print error to STDERR\n    echo \"error: The sandbox is not in sync with the Podfile.lock. Run 'pod install' or update your CocoaPods installation.\" >&2\n    exit 1\nfi\n# This output is used by Xcode 'outputs' to avoid re-running this script phase.\necho \"SUCCESS\" > \"${SCRIPT_OUTPUT_FILE_0}\"\n";
			showEnvVarsInLog = 0;
		};
/* End PBXShellScriptBuildPhase section */

/* Begin PBXSourcesBuildPhase section */
		F430ED3128538B79004A8241 /* Sources */ = {
			isa = PBXSourcesBuildPhase;
			buildActionMask = 2147483647;
			files = (
				F4A2C54228545D0800C404AE /* QuziScreen.swift in Sources */,
				F430ED3B28538B79004A8241 /* ContentView.swift in Sources */,
				F462138828574C2900E1BEAF /* GlobalState.swift in Sources */,
				F4D295942854C063002F4219 /* Questions.swift in Sources */,
				F462138F28574F7600E1BEAF /* WelcomeScreen.swift in Sources */,
				F430ED4B28539151004A8241 /* DataModal.swift in Sources */,
				F462138B28574CC000E1BEAF /* LoadingIndicator.swift in Sources */,
				F430ED4828538BDA004A8241 /* QuizConfig.swift in Sources */,
				F4D295932854C063002F4219 /* Results.swift in Sources */,
				F4A2C54028545C9600C404AE /* UIHelper.swift in Sources */,
				F430ED3928538B79004A8241 /* Quiz_AppApp.swift in Sources */,
				F4D2958E2854B6EF002F4219 /* TriviaCategories.swift in Sources */,
				F4D2958F2854B6EF002F4219 /* CateGoryBase.swift in Sources */,
				F4A2C54828546D6E00C404AE /* CodableBundleExtension.swift in Sources */,
			);
			runOnlyForDeploymentPostprocessing = 0;
		};
/* End PBXSourcesBuildPhase section */

/* Begin XCBuildConfiguration section */
		F430ED4128538B7C004A8241 /* Debug */ = {
			isa = XCBuildConfiguration;
			buildSettings = {
				ALWAYS_SEARCH_USER_PATHS = NO;
				CLANG_ANALYZER_NONNULL = YES;
				CLANG_ANALYZER_NUMBER_OBJECT_CONVERSION = YES_AGGRESSIVE;
				CLANG_CXX_LANGUAGE_STANDARD = "gnu++17";
				CLANG_ENABLE_MODULES = YES;
				CLANG_ENABLE_OBJC_ARC = YES;
				CLANG_ENABLE_OBJC_WEAK = YES;
				CLANG_WARN_BLOCK_CAPTURE_AUTORELEASING = YES;
				CLANG_WARN_BOOL_CONVERSION = YES;
				CLANG_WARN_COMMA = YES;
				CLANG_WARN_CONSTANT_CONVERSION = YES;
				CLANG_WARN_DEPRECATED_OBJC_IMPLEMENTATIONS = YES;
				CLANG_WARN_DIRECT_OBJC_ISA_USAGE = YES_ERROR;
				CLANG_WARN_DOCUMENTATION_COMMENTS = YES;
				CLANG_WARN_EMPTY_BODY = YES;
				CLANG_WARN_ENUM_CONVERSION = YES;
				CLANG_WARN_INFINITE_RECURSION = YES;
				CLANG_WARN_INT_CONVERSION = YES;
				CLANG_WARN_NON_LITERAL_NULL_CONVERSION = YES;
				CLANG_WARN_OBJC_IMPLICIT_RETAIN_SELF = YES;
				CLANG_WARN_OBJC_LITERAL_CONVERSION = YES;
				CLANG_WARN_OBJC_ROOT_CLASS = YES_ERROR;
				CLANG_WARN_QUOTED_INCLUDE_IN_FRAMEWORK_HEADER = YES;
				CLANG_WARN_RANGE_LOOP_ANALYSIS = YES;
				CLANG_WARN_STRICT_PROTOTYPES = YES;
				CLANG_WARN_SUSPICIOUS_MOVE = YES;
				CLANG_WARN_UNGUARDED_AVAILABILITY = YES_AGGRESSIVE;
				CLANG_WARN_UNREACHABLE_CODE = YES;
				CLANG_WARN__DUPLICATE_METHOD_MATCH = YES;
				COPY_PHASE_STRIP = NO;
				DEBUG_INFORMATION_FORMAT = dwarf;
				ENABLE_STRICT_OBJC_MSGSEND = YES;
				ENABLE_TESTABILITY = YES;
				GCC_C_LANGUAGE_STANDARD = gnu11;
				GCC_DYNAMIC_NO_PIC = NO;
				GCC_NO_COMMON_BLOCKS = YES;
				GCC_OPTIMIZATION_LEVEL = 0;
				GCC_PREPROCESSOR_DEFINITIONS = (
					"DEBUG=1",
					"$(inherited)",
				);
				GCC_WARN_64_TO_32_BIT_CONVERSION = YES;
				GCC_WARN_ABOUT_RETURN_TYPE = YES_ERROR;
				GCC_WARN_UNDECLARED_SELECTOR = YES;
				GCC_WARN_UNINITIALIZED_AUTOS = YES_AGGRESSIVE;
				GCC_WARN_UNUSED_FUNCTION = YES;
				GCC_WARN_UNUSED_VARIABLE = YES;
				IPHONEOS_DEPLOYMENT_TARGET = 15.5;
				MTL_ENABLE_DEBUG_INFO = INCLUDE_SOURCE;
				MTL_FAST_MATH = YES;
				ONLY_ACTIVE_ARCH = YES;
				SDKROOT = iphoneos;
				SWIFT_ACTIVE_COMPILATION_CONDITIONS = DEBUG;
				SWIFT_OPTIMIZATION_LEVEL = "-Onone";
			};
			name = Debug;
		};
		F430ED4228538B7C004A8241 /* Release */ = {
			isa = XCBuildConfiguration;
			buildSettings = {
				ALWAYS_SEARCH_USER_PATHS = NO;
				CLANG_ANALYZER_NONNULL = YES;
				CLANG_ANALYZER_NUMBER_OBJECT_CONVERSION = YES_AGGRESSIVE;
				CLANG_CXX_LANGUAGE_STANDARD = "gnu++17";
				CLANG_ENABLE_MODULES = YES;
				CLANG_ENABLE_OBJC_ARC = YES;
				CLANG_ENABLE_OBJC_WEAK = YES;
				CLANG_WARN_BLOCK_CAPTURE_AUTORELEASING = YES;
				CLANG_WARN_BOOL_CONVERSION = YES;
				CLANG_WARN_COMMA = YES;
				CLANG_WARN_CONSTANT_CONVERSION = YES;
				CLANG_WARN_DEPRECATED_OBJC_IMPLEMENTATIONS = YES;
				CLANG_WARN_DIRECT_OBJC_ISA_USAGE = YES_ERROR;
				CLANG_WARN_DOCUMENTATION_COMMENTS = YES;
				CLANG_WARN_EMPTY_BODY = YES;
				CLANG_WARN_ENUM_CONVERSION = YES;
				CLANG_WARN_INFINITE_RECURSION = YES;
				CLANG_WARN_INT_CONVERSION = YES;
				CLANG_WARN_NON_LITERAL_NULL_CONVERSION = YES;
				CLANG_WARN_OBJC_IMPLICIT_RETAIN_SELF = YES;
				CLANG_WARN_OBJC_LITERAL_CONVERSION = YES;
				CLANG_WARN_OBJC_ROOT_CLASS = YES_ERROR;
				CLANG_WARN_QUOTED_INCLUDE_IN_FRAMEWORK_HEADER = YES;
				CLANG_WARN_RANGE_LOOP_ANALYSIS = YES;
				CLANG_WARN_STRICT_PROTOTYPES = YES;
				CLANG_WARN_SUSPICIOUS_MOVE = YES;
				CLANG_WARN_UNGUARDED_AVAILABILITY = YES_AGGRESSIVE;
				CLANG_WARN_UNREACHABLE_CODE = YES;
				CLANG_WARN__DUPLICATE_METHOD_MATCH = YES;
				COPY_PHASE_STRIP = NO;
				DEBUG_INFORMATION_FORMAT = "dwarf-with-dsym";
				ENABLE_NS_ASSERTIONS = NO;
				ENABLE_STRICT_OBJC_MSGSEND = YES;
				GCC_C_LANGUAGE_STANDARD = gnu11;
				GCC_NO_COMMON_BLOCKS = YES;
				GCC_WARN_64_TO_32_BIT_CONVERSION = YES;
				GCC_WARN_ABOUT_RETURN_TYPE = YES_ERROR;
				GCC_WARN_UNDECLARED_SELECTOR = YES;
				GCC_WARN_UNINITIALIZED_AUTOS = YES_AGGRESSIVE;
				GCC_WARN_UNUSED_FUNCTION = YES;
				GCC_WARN_UNUSED_VARIABLE = YES;
				IPHONEOS_DEPLOYMENT_TARGET = 15.5;
				MTL_ENABLE_DEBUG_INFO = NO;
				MTL_FAST_MATH = YES;
				SDKROOT = iphoneos;
				SWIFT_COMPILATION_MODE = wholemodule;
				SWIFT_OPTIMIZATION_LEVEL = "-O";
				VALIDATE_PRODUCT = YES;
			};
			name = Release;
		};
		F430ED4428538B7C004A8241 /* Debug */ = {
			isa = XCBuildConfiguration;
			baseConfigurationReference = 93DEE7F029515ADA69432963 /* Pods-Quiz App.debug.xcconfig */;
			buildSettings = {
				ASSETCATALOG_COMPILER_APPICON_NAME = AppIcon;
				ASSETCATALOG_COMPILER_GLOBAL_ACCENT_COLOR_NAME = AccentColor;
				CODE_SIGN_STYLE = Automatic;
				CURRENT_PROJECT_VERSION = 1;
				DEVELOPMENT_ASSET_PATHS = "\"Quiz App/Preview Content\"";
				ENABLE_PREVIEWS = YES;
				GENERATE_INFOPLIST_FILE = YES;
				INFOPLIST_KEY_UIApplicationSceneManifest_Generation = YES;
				INFOPLIST_KEY_UIApplicationSupportsIndirectInputEvents = YES;
				INFOPLIST_KEY_UILaunchScreen_Generation = YES;
				INFOPLIST_KEY_UISupportedInterfaceOrientations_iPad = "UIInterfaceOrientationPortrait UIInterfaceOrientationPortraitUpsideDown UIInterfaceOrientationLandscapeLeft UIInterfaceOrientationLandscapeRight";
				INFOPLIST_KEY_UISupportedInterfaceOrientations_iPhone = "UIInterfaceOrientationPortrait UIInterfaceOrientationLandscapeLeft UIInterfaceOrientationLandscapeRight";
				LD_RUNPATH_SEARCH_PATHS = (
					"$(inherited)",
					"@executable_path/Frameworks",
				);
				MARKETING_VERSION = 1.0;
				PRODUCT_BUNDLE_IDENTIFIER = "com.girish.quizapp.Quiz-App";
				PRODUCT_NAME = "$(TARGET_NAME)";
				SWIFT_EMIT_LOC_STRINGS = YES;
				SWIFT_VERSION = 5.0;
				TARGETED_DEVICE_FAMILY = "1,2";
			};
			name = Debug;
		};
		F430ED4528538B7C004A8241 /* Release */ = {
			isa = XCBuildConfiguration;
			baseConfigurationReference = C4258FEC2FE8711A2129016C /* Pods-Quiz App.release.xcconfig */;
			buildSettings = {
				ASSETCATALOG_COMPILER_APPICON_NAME = AppIcon;
				ASSETCATALOG_COMPILER_GLOBAL_ACCENT_COLOR_NAME = AccentColor;
				CODE_SIGN_STYLE = Automatic;
				CURRENT_PROJECT_VERSION = 1;
				DEVELOPMENT_ASSET_PATHS = "\"Quiz App/Preview Content\"";
				ENABLE_PREVIEWS = YES;
				GENERATE_INFOPLIST_FILE = YES;
				INFOPLIST_KEY_UIApplicationSceneManifest_Generation = YES;
				INFOPLIST_KEY_UIApplicationSupportsIndirectInputEvents = YES;
				INFOPLIST_KEY_UILaunchScreen_Generation = YES;
				INFOPLIST_KEY_UISupportedInterfaceOrientations_iPad = "UIInterfaceOrientationPortrait UIInterfaceOrientationPortraitUpsideDown UIInterfaceOrientationLandscapeLeft UIInterfaceOrientationLandscapeRight";
				INFOPLIST_KEY_UISupportedInterfaceOrientations_iPhone = "UIInterfaceOrientationPortrait UIInterfaceOrientationLandscapeLeft UIInterfaceOrientationLandscapeRight";
				LD_RUNPATH_SEARCH_PATHS = (
					"$(inherited)",
					"@executable_path/Frameworks",
				);
				MARKETING_VERSION = 1.0;
				PRODUCT_BUNDLE_IDENTIFIER = "com.girish.quizapp.Quiz-App";
				PRODUCT_NAME = "$(TARGET_NAME)";
				SWIFT_EMIT_LOC_STRINGS = YES;
				SWIFT_VERSION = 5.0;
				TARGETED_DEVICE_FAMILY = "1,2";
			};
			name = Release;
		};
/* End XCBuildConfiguration section */

/* Begin XCConfigurationList section */
		F430ED3028538B79004A8241 /* Build configuration list for PBXProject "Quiz App" */ = {
			isa = XCConfigurationList;
			buildConfigurations = (
				F430ED4128538B7C004A8241 /* Debug */,
				F430ED4228538B7C004A8241 /* Release */,
			);
			defaultConfigurationIsVisible = 0;
			defaultConfigurationName = Release;
		};
		F430ED4328538B7C004A8241 /* Build configuration list for PBXNativeTarget "Quiz App" */ = {
			isa = XCConfigurationList;
			buildConfigurations = (
				F430ED4428538B7C004A8241 /* Debug */,
				F430ED4528538B7C004A8241 /* Release */,
			);
			defaultConfigurationIsVisible = 0;
			defaultConfigurationName = Release;
		};
/* End XCConfigurationList section */
	};
	rootObject = F430ED2D28538B79004A8241 /* Project object */;
}
